
Microsoft Visual Studio Solution File, Format Version 12.00
# Visual Studio Version 17
VisualStudioVersion = 17.1.32228.430
MinimumVisualStudioVersion = 10.0.40219.1
Project("{9A19103F-16F7-4668-BE54-9A1E7A4F7556}") = "CalistoEnvironment", "CalistoEntitiesCore\CalistoEnvironment.csproj", "{A57DB89E-697E-4CB0-AA3E-DAF7AE762B41}"
EndProject
Project("{9A19103F-16F7-4668-BE54-9A1E7A4F7556}") = "CalistoDbCore", "CalistoDbCore\CalistoDbCore.csproj", "{FB1C20A7-2BFB-409F-BDD9-B2BC5D5E751A}"
EndProject
Project("{9A19103F-16F7-4668-BE54-9A1E7A4F7556}") = "TestingConsole", "TestingConsole\TestingConsole.csproj", "{A973F3D3-18E8-444E-896F-93BA1127B038}"
EndProject
Project("{FAE04EC0-301F-11D3-BF4B-00C04F79EFBC}") = "CalistoEdCore", "CalistoEdCore\CalistoEdCore.csproj", "{24B4E712-4F69-4B00-8179-C2020CDE4910}"
EndProject
Project("{FAE04EC0-301F-11D3-BF4B-00C04F79EFBC}") = "CalistoStandars", "CalistoStandars\CalistoStandars.csproj", "{56DC399E-30E2-42D7-8AB5-41C985960B5D}"
EndProject
Global
	GlobalSection(SolutionConfigurationPlatforms) = preSolution
		Debug|Any CPU = Debug|Any CPU
		Release|Any CPU = Release|Any CPU
	EndGlobalSection
	GlobalSection(ProjectConfigurationPlatforms) = postSolution
		{A57DB89E-697E-4CB0-AA3E-DAF7AE762B41}.Debug|Any CPU.ActiveCfg = Debug|Any CPU
		{A57DB89E-697E-4CB0-AA3E-DAF7AE762B41}.Debug|Any CPU.Build.0 = Debug|Any CPU
		{A57DB89E-697E-4CB0-AA3E-DAF7AE762B41}.Release|Any CPU.ActiveCfg = Release|Any CPU
		{A57DB89E-697E-4CB0-AA3E-DAF7AE762B41}.Release|Any CPU.Build.0 = Release|Any CPU
		{FB1C20A7-2BFB-409F-BDD9-B2BC5D5E751A}.Debug|Any CPU.ActiveCfg = Debug|Any CPU
		{FB1C20A7-2BFB-409F-BDD9-B2BC5D5E751A}.Debug|Any CPU.Build.0 = Debug|Any CPU
		{FB1C20A7-2BFB-409F-BDD9-B2BC5D5E751A}.Release|Any CPU.ActiveCfg = Release|Any CPU
		{FB1C20A7-2BFB-409F-BDD9-B2BC5D5E751A}.Release|Any CPU.Build.0 = Release|Any CPU
		{A973F3D3-18E8-444E-896F-93BA1127B038}.Debug|Any CPU.ActiveCfg = Debug|Any CPU
		{A973F3D3-18E8-444E-896F-93BA1127B038}.Debug|Any CPU.Build.0 = Debug|Any CPU
		{A973F3D3-18E8-444E-896F-93BA1127B038}.Release|Any CPU.ActiveCfg = Release|Any CPU
		{A973F3D3-18E8-444E-896F-93BA1127B038}.Release|Any CPU.Build.0 = Release|Any CPU
		{24B4E712-4F69-4B00-8179-C2020CDE4910}.Debug|Any CPU.ActiveCfg = Debug|Any CPU
		{24B4E712-4F69-4B00-8179-C2020CDE4910}.Debug|Any CPU.Build.0 = Debug|Any CPU
		{24B4E712-4F69-4B00-8179-C2020CDE4910}.Release|Any CPU.ActiveCfg = Release|Any CPU
		{24B4E712-4F69-4B00-8179-C2020CDE4910}.Release|Any CPU.Build.0 = Release|Any CPU
		{56DC399E-30E2-42D7-8AB5-41C985960B5D}.Debug|Any CPU.ActiveCfg = Debug|Any CPU
		{56DC399E-30E2-42D7-8AB5-41C985960B5D}.Debug|Any CPU.Build.0 = Debug|Any CPU
		{56DC399E-30E2-42D7-8AB5-41C985960B5D}.Release|Any CPU.ActiveCfg = Release|Any CPU
		{56DC399E-30E2-42D7-8AB5-41C985960B5D}.Release|Any CPU.Build.0 = Release|Any CPU
	EndGlobalSection
	GlobalSection(SolutionProperties) = preSolution
		HideSolutionNode = FALSE
	EndGlobalSection
	GlobalSection(ExtensibilityGlobals) = postSolution
		SolutionGuid = {1A9C991B-C076-4F69-A6DD-D39825D24A79}
	EndGlobalSection
EndGlobal
